
Microsoft Visual Studio Solution File, Format Version 12.00
# Visual Studio 2012
Project("{FAE04EC0-301F-11D3-BF4B-00C04F79EFBC}") = "GIU_ReBorn", "GIU_ReBorn\GIU_ReBorn.csproj", "{EC0CE3E6-1ACD-43B7-851B-3A1AACD87BCF}"
EndProject
Global
	GlobalSection(SolutionConfigurationPlatforms) = preSolution
		Debug|Any CPU = Debug|Any CPU
		Release|Any CPU = Release|Any CPU
	EndGlobalSection
	GlobalSection(ProjectConfigurationPlatforms) = postSolution
		{EC0CE3E6-1ACD-43B7-851B-3A1AACD87BCF}.Debug|Any CPU.ActiveCfg = Debug|Any CPU
		{EC0CE3E6-1ACD-43B7-851B-3A1AACD87BCF}.Debug|Any CPU.Build.0 = Debug|Any CPU
		{EC0CE3E6-1ACD-43B7-851B-3A1AACD87BCF}.Debug|Any CPU.Deploy.0 = Debug|Any CPU
		{EC0CE3E6-1ACD-43B7-851B-3A1AACD87BCF}.Release|Any CPU.ActiveCfg = Release|Any CPU
		{EC0CE3E6-1ACD-43B7-851B-3A1AACD87BCF}.Release|Any CPU.Build.0 = Release|Any CPU
		{EC0CE3E6-1ACD-43B7-851B-3A1AACD87BCF}.Release|Any CPU.Deploy.0 = Release|Any CPU
	EndGlobalSection
	GlobalSection(SolutionProperties) = preSolution
		HideSolutionNode = FALSE
	EndGlobalSection
EndGlobal
